
Microsoft Visual Studio Solution File, Format Version 12.00
# Visual Studio 15
Project("{FAE04EC0-301F-11D3-BF4B-00C04F79EFBC}") = "Assembly-CSharp", "Assembly-CSharp.csproj", "{DB4B4DAD-21D1-5B29-3E62-7B05B2D587DE}"
EndProject
Global
	GlobalSection(SolutionConfigurationPlatforms) = preSolution
		Debug|Any CPU = Debug|Any CPU
		Release|Any CPU = Release|Any CPU
	EndGlobalSection
	GlobalSection(ProjectConfigurationPlatforms) = postSolution
		{DB4B4DAD-21D1-5B29-3E62-7B05B2D587DE}.Debug|Any CPU.ActiveCfg = Debug|Any CPU
		{DB4B4DAD-21D1-5B29-3E62-7B05B2D587DE}.Debug|Any CPU.Build.0 = Debug|Any CPU
		{DB4B4DAD-21D1-5B29-3E62-7B05B2D587DE}.Release|Any CPU.ActiveCfg = Release|Any CPU
		{DB4B4DAD-21D1-5B29-3E62-7B05B2D587DE}.Release|Any CPU.Build.0 = Release|Any CPU
	EndGlobalSection
	GlobalSection(SolutionProperties) = preSolution
		HideSolutionNode = FALSE
	EndGlobalSection
EndGlobal
